
Microsoft Visual Studio Solution File, Format Version 12.00
# Visual Studio Version 17
VisualStudioVersion = 17.3.32929.385
MinimumVisualStudioVersion = 10.0.40219.1
Project("{2150E333-8FDC-42A3-9474-1A3956D46DE8}") = "src", "src", "{C0016394-96C7-4348-8DCF-AA00A73D0B37}"
EndProject
Project("{2150E333-8FDC-42A3-9474-1A3956D46DE8}") = "Apps", "Apps", "{948E1BE3-C129-4902-B9FB-C4D40084A2BD}"
EndProject
Project("{2150E333-8FDC-42A3-9474-1A3956D46DE8}") = "Core", "Core", "{975A621C-C56D-432C-9E99-B7D7D38FAB47}"
EndProject
Project("{2150E333-8FDC-42A3-9474-1A3956D46DE8}") = "Infrastructure", "Infrastructure", "{1D542FC6-F371-4A4B-B44F-C34D354F57E6}"
EndProject
Project("{2150E333-8FDC-42A3-9474-1A3956D46DE8}") = "Services", "Services", "{7363BCF8-216F-4A6B-90A7-C89EF8C9974A}"
EndProject
Project("{2150E333-8FDC-42A3-9474-1A3956D46DE8}") = "API", "API", "{3FEB91DF-C5C2-48E9-9580-064D2A1C009F}"
EndProject
Project("{2150E333-8FDC-42A3-9474-1A3956D46DE8}") = "Windows", "Windows", "{084E394F-F419-4EC4-BA20-D5AFC0A9F0D6}"
EndProject
Project("{FAE04EC0-301F-11D3-BF4B-00C04F79EFBC}") = "Ciel.Infrastructure", "Ciel.Infrastructure\Ciel.Infrastructure.csproj", "{B2636550-ED55-4105-B868-970C2B581799}"
EndProject
Project("{FAE04EC0-301F-11D3-BF4B-00C04F79EFBC}") = "Ciel.Infrastructure.Core", "Ciel.Infrastructure.Core\Ciel.Infrastructure.Core.csproj", "{C833C4AB-5FC8-46DA-9BAE-7975755EB539}"
EndProject
Global
	GlobalSection(SolutionConfigurationPlatforms) = preSolution
		Debug|Any CPU = Debug|Any CPU
		Release|Any CPU = Release|Any CPU
	EndGlobalSection
	GlobalSection(ProjectConfigurationPlatforms) = postSolution
		{B2636550-ED55-4105-B868-970C2B581799}.Debug|Any CPU.ActiveCfg = Debug|Any CPU
		{B2636550-ED55-4105-B868-970C2B581799}.Debug|Any CPU.Build.0 = Debug|Any CPU
		{B2636550-ED55-4105-B868-970C2B581799}.Release|Any CPU.ActiveCfg = Release|Any CPU
		{B2636550-ED55-4105-B868-970C2B581799}.Release|Any CPU.Build.0 = Release|Any CPU
		{C833C4AB-5FC8-46DA-9BAE-7975755EB539}.Debug|Any CPU.ActiveCfg = Debug|Any CPU
		{C833C4AB-5FC8-46DA-9BAE-7975755EB539}.Debug|Any CPU.Build.0 = Debug|Any CPU
		{C833C4AB-5FC8-46DA-9BAE-7975755EB539}.Release|Any CPU.ActiveCfg = Release|Any CPU
		{C833C4AB-5FC8-46DA-9BAE-7975755EB539}.Release|Any CPU.Build.0 = Release|Any CPU
	EndGlobalSection
	GlobalSection(SolutionProperties) = preSolution
		HideSolutionNode = FALSE
	EndGlobalSection
	GlobalSection(NestedProjects) = preSolution
		{948E1BE3-C129-4902-B9FB-C4D40084A2BD} = {C0016394-96C7-4348-8DCF-AA00A73D0B37}
		{975A621C-C56D-432C-9E99-B7D7D38FAB47} = {C0016394-96C7-4348-8DCF-AA00A73D0B37}
		{1D542FC6-F371-4A4B-B44F-C34D354F57E6} = {975A621C-C56D-432C-9E99-B7D7D38FAB47}
		{7363BCF8-216F-4A6B-90A7-C89EF8C9974A} = {975A621C-C56D-432C-9E99-B7D7D38FAB47}
		{3FEB91DF-C5C2-48E9-9580-064D2A1C009F} = {948E1BE3-C129-4902-B9FB-C4D40084A2BD}
		{084E394F-F419-4EC4-BA20-D5AFC0A9F0D6} = {948E1BE3-C129-4902-B9FB-C4D40084A2BD}
		{B2636550-ED55-4105-B868-970C2B581799} = {1D542FC6-F371-4A4B-B44F-C34D354F57E6}
		{C833C4AB-5FC8-46DA-9BAE-7975755EB539} = {1D542FC6-F371-4A4B-B44F-C34D354F57E6}
	EndGlobalSection
	GlobalSection(ExtensibilityGlobals) = postSolution
		SolutionGuid = {165D47F7-EEE9-4FE1-9F32-3B03B2B87F09}
	EndGlobalSection
EndGlobal
